
Microsoft Visual Studio Solution File, Format Version 12.00
Project("{FAE04EC0-301F-11D3-BF4B-00C04F79EFBC}") = "DataCollectionService", "DataCollectionService.csproj", "{EA2D1B3D-327B-44EA-89B7-69BF28303B37}"
EndProject
Global
	GlobalSection(SolutionConfigurationPlatforms) = preSolution
		Debug|Any CPU = Debug|Any CPU
		Release|Any CPU = Release|Any CPU
	EndGlobalSection
	GlobalSection(ProjectConfigurationPlatforms) = postSolution
		{EA2D1B3D-327B-44EA-89B7-69BF28303B37}.Debug|Any CPU.ActiveCfg = Debug|Any CPU
		{EA2D1B3D-327B-44EA-89B7-69BF28303B37}.Debug|Any CPU.Build.0 = Debug|Any CPU
		{EA2D1B3D-327B-44EA-89B7-69BF28303B37}.Release|Any CPU.ActiveCfg = Release|Any CPU
		{EA2D1B3D-327B-44EA-89B7-69BF28303B37}.Release|Any CPU.Build.0 = Release|Any CPU
	EndGlobalSection
EndGlobal
